
Microsoft Visual Studio Solution File, Format Version 12.00
# Visual Studio 14
VisualStudioVersion = 14.0.25420.1
MinimumVisualStudioVersion = 10.0.40219.1
Project("{FAE04EC0-301F-11D3-BF4B-00C04F79EFBC}") = "CRUDAPI", "CRUDAPI\CRUDAPI.csproj", "{E7269523-6DAB-4D89-9AEE-DC2D07B4564C}"
EndProject
Project("{FAE04EC0-301F-11D3-BF4B-00C04F79EFBC}") = "CRUDMVC", "CRUDMVC\CRUDMVC.csproj", "{EF5F4DC9-A40B-418F-9090-728292AC30C0}"
EndProject
Global
	GlobalSection(SolutionConfigurationPlatforms) = preSolution
		Debug|Any CPU = Debug|Any CPU
		Release|Any CPU = Release|Any CPU
	EndGlobalSection
	GlobalSection(ProjectConfigurationPlatforms) = postSolution
		{E7269523-6DAB-4D89-9AEE-DC2D07B4564C}.Debug|Any CPU.ActiveCfg = Debug|Any CPU
		{E7269523-6DAB-4D89-9AEE-DC2D07B4564C}.Debug|Any CPU.Build.0 = Debug|Any CPU
		{E7269523-6DAB-4D89-9AEE-DC2D07B4564C}.Release|Any CPU.ActiveCfg = Release|Any CPU
		{E7269523-6DAB-4D89-9AEE-DC2D07B4564C}.Release|Any CPU.Build.0 = Release|Any CPU
		{EF5F4DC9-A40B-418F-9090-728292AC30C0}.Debug|Any CPU.ActiveCfg = Debug|Any CPU
		{EF5F4DC9-A40B-418F-9090-728292AC30C0}.Debug|Any CPU.Build.0 = Debug|Any CPU
		{EF5F4DC9-A40B-418F-9090-728292AC30C0}.Release|Any CPU.ActiveCfg = Release|Any CPU
		{EF5F4DC9-A40B-418F-9090-728292AC30C0}.Release|Any CPU.Build.0 = Release|Any CPU
	EndGlobalSection
	GlobalSection(SolutionProperties) = preSolution
		HideSolutionNode = FALSE
	EndGlobalSection
	GlobalSection(ExtensibilityGlobals) = postSolution
		SolutionGuid = {DB0378DD-5C6D-4901-886F-512559959E14}
	EndGlobalSection
EndGlobal
